// !$*UTF8*$!
{
	archiveVersion = 1;
	classes = {
	};
	objectVersion = 55;
	objects = {

/* Begin PBXBuildFile section */
		F60DAA1E299FC9DC00589B17 /* Dependencies in Frameworks */ = {isa = PBXBuildFile; productRef = F60DAA1D299FC9DC00589B17 /* Dependencies */; };
		F61EBCD42786139400F098A8 /* CounterFactTests.swift in Sources */ = {isa = PBXBuildFile; fileRef = F61EBCD32786139400F098A8 /* CounterFactTests.swift */; };
		F6CB02FE2782300300C71DFF /* FactClient.swift in Sources */ = {isa = PBXBuildFile; fileRef = F6CB02FD2782300300C71DFF /* FactClient.swift */; };
		F6E72B632781F53E00A8FC45 /* CounterFactApp.swift in Sources */ = {isa = PBXBuildFile; fileRef = F6E72B622781F53E00A8FC45 /* CounterFactApp.swift */; };
		F6E72B652781F53E00A8FC45 /* CounterView.swift in Sources */ = {isa = PBXBuildFile; fileRef = F6E72B642781F53E00A8FC45 /* CounterView.swift */; };
		F6F3F1732B48483B003A9305 /* SwiftModel in Frameworks */ = {isa = PBXBuildFile; productRef = F6F3F1722B48483B003A9305 /* SwiftModel */; };
/* End PBXBuildFile section */

/* Begin PBXContainerItemProxy section */
		F61EBCDA278615AE00F098A8 /* PBXContainerItemProxy */ = {
			isa = PBXContainerItemProxy;
			containerPortal = F6FB1FD22778D5D9005BB6B6 /* Project object */;
			proxyType = 1;
			remoteGlobalIDString = F6E72B5F2781F53E00A8FC45;
			remoteInfo = CounterFact;
		};
/* End PBXContainerItemProxy section */

/* Begin PBXFileReference section */
		F61EBCD12786139400F098A8 /* CounterFactTests.xctest */ = {isa = PBXFileReference; explicitFileType = wrapper.cfbundle; includeInIndex = 0; path = CounterFactTests.xctest; sourceTree = BUILT_PRODUCTS_DIR; };
		F61EBCD32786139400F098A8 /* CounterFactTests.swift */ = {isa = PBXFileReference; lastKnownFileType = sourcecode.swift; path = CounterFactTests.swift; sourceTree = "<group>"; };
		F6CB02FD2782300300C71DFF /* FactClient.swift */ = {isa = PBXFileReference; lastKnownFileType = sourcecode.swift; path = FactClient.swift; sourceTree = "<group>"; };
		F6D69F5C27F1AC8500EF4935 /* Info.plist */ = {isa = PBXFileReference; lastKnownFileType = text.plist; path = Info.plist; sourceTree = "<group>"; };
		F6D9D2242AF26C0C00EBFB91 /* README.md */ = {isa = PBXFileReference; lastKnownFileType = net.daringfireball.markdown; path = README.md; sourceTree = SOURCE_ROOT; };
		F6E72B602781F53E00A8FC45 /* CounterFact.app */ = {isa = PBXFileReference; explicitFileType = wrapper.application; includeInIndex = 0; path = CounterFact.app; sourceTree = BUILT_PRODUCTS_DIR; };
		F6E72B622781F53E00A8FC45 /* CounterFactApp.swift */ = {isa = PBXFileReference; lastKnownFileType = sourcecode.swift; path = CounterFactApp.swift; sourceTree = "<group>"; };
		F6E72B642781F53E00A8FC45 /* CounterView.swift */ = {isa = PBXFileReference; lastKnownFileType = sourcecode.swift; path = CounterView.swift; sourceTree = "<group>"; };
		F6F3F1712B4847FD003A9305 /* swift-model */ = {isa = PBXFileReference; lastKnownFileType = wrapper; name = "swift-model"; path = ../..; sourceTree = "<group>"; };
/* End PBXFileReference section */

/* Begin PBXFrameworksBuildPhase section */
		F61EBCCE2786139400F098A8 /* Frameworks */ = {
			isa = PBXFrameworksBuildPhase;
			buildActionMask = 2147483647;
			files = (
			);
			runOnlyForDeploymentPostprocessing = 0;
		};
		F6E72B5D2781F53E00A8FC45 /* Frameworks */ = {
			isa = PBXFrameworksBuildPhase;
			buildActionMask = 2147483647;
			files = (
				F6F3F1732B48483B003A9305 /* SwiftModel in Frameworks */,
				F60DAA1E299FC9DC00589B17 /* Dependencies in Frameworks */,
			);
			runOnlyForDeploymentPostprocessing = 0;
		};
/* End PBXFrameworksBuildPhase section */

/* Begin PBXGroup section */
		F61EBCD22786139400F098A8 /* CounterFactTests */ = {
			isa = PBXGroup;
			children = (
				F61EBCD32786139400F098A8 /* CounterFactTests.swift */,
			);
			path = CounterFactTests;
			sourceTree = "<group>";
		};
		F65C3C662780EC3A00209918 /* Frameworks */ = {
			isa = PBXGroup;
			children = (
			);
			name = Frameworks;
			sourceTree = "<group>";
		};
		F6E72B612781F53E00A8FC45 /* CounterFact */ = {
			isa = PBXGroup;
			children = (
				F6D9D2242AF26C0C00EBFB91 /* README.md */,
				F6E72B622781F53E00A8FC45 /* CounterFactApp.swift */,
				F6CB02FD2782300300C71DFF /* FactClient.swift */,
				F6E72B642781F53E00A8FC45 /* CounterView.swift */,
				F6D69F5C27F1AC8500EF4935 /* Info.plist */,
			);
			path = CounterFact;
			sourceTree = "<group>";
		};
		F6FB1FD12778D5D9005BB6B6 = {
			isa = PBXGroup;
			children = (
				F6F3F1712B4847FD003A9305 /* swift-model */,
				F6E72B612781F53E00A8FC45 /* CounterFact */,
				F61EBCD22786139400F098A8 /* CounterFactTests */,
				F6FB1FDF2778D5DD005BB6B6 /* Products */,
				F65C3C662780EC3A00209918 /* Frameworks */,
			);
			indentWidth = 4;
			sourceTree = "<group>";
			tabWidth = 4;
		};
		F6FB1FDF2778D5DD005BB6B6 /* Products */ = {
			isa = PBXGroup;
			children = (
				F6E72B602781F53E00A8FC45 /* CounterFact.app */,
				F61EBCD12786139400F098A8 /* CounterFactTests.xctest */,
			);
			name = Products;
			sourceTree = "<group>";
		};
/* End PBXGroup section */

/* Begin PBXNativeTarget section */
		F61EBCD02786139400F098A8 /* CounterFactTests */ = {
			isa = PBXNativeTarget;
			buildConfigurationList = F61EBCD92786139400F098A8 /* Build configuration list for PBXNativeTarget "CounterFactTests" */;
			buildPhases = (
				F61EBCCD2786139400F098A8 /* Sources */,
				F61EBCCE2786139400F098A8 /* Frameworks */,
				F61EBCCF2786139400F098A8 /* Resources */,
			);
			buildRules = (
			);
			dependencies = (
				F61EBCDB278615AE00F098A8 /* PBXTargetDependency */,
			);
			name = CounterFactTests;
			productName = CounterFactTests;
			productReference = F61EBCD12786139400F098A8 /* CounterFactTests.xctest */;
			productType = "com.apple.product-type.bundle.unit-test";
		};
		F6E72B5F2781F53E00A8FC45 /* CounterFact */ = {
			isa = PBXNativeTarget;
			buildConfigurationList = F6E72B6D2781F54100A8FC45 /* Build configuration list for PBXNativeTarget "CounterFact" */;
			buildPhases = (
				F6E72B5C2781F53E00A8FC45 /* Sources */,
				F6E72B5D2781F53E00A8FC45 /* Frameworks */,
				F6E72B5E2781F53E00A8FC45 /* Resources */,
			);
			buildRules = (
			);
			dependencies = (
			);
			name = CounterFact;
			packageProductDependencies = (
				F60DAA1D299FC9DC00589B17 /* Dependencies */,
				F6F3F1722B48483B003A9305 /* SwiftModel */,
			);
			productName = CounterFact;
			productReference = F6E72B602781F53E00A8FC45 /* CounterFact.app */;
			productType = "com.apple.product-type.application";
		};
/* End PBXNativeTarget section */

/* Begin PBXProject section */
		F6FB1FD22778D5D9005BB6B6 /* Project object */ = {
			isa = PBXProject;
			attributes = {
				BuildIndependentTargetsInParallel = 1;
				LastSwiftUpdateCheck = 1320;
				LastUpgradeCheck = 1600;
				TargetAttributes = {
					F61EBCD02786139400F098A8 = {
						CreatedOnToolsVersion = 13.2.1;
						TestTargetID = F6E72B5F2781F53E00A8FC45;
					};
					F6E72B5F2781F53E00A8FC45 = {
						CreatedOnToolsVersion = 13.2.1;
					};
				};
			};
			buildConfigurationList = F6FB1FD52778D5D9005BB6B6 /* Build configuration list for PBXProject "CounterFact" */;
			compatibilityVersion = "Xcode 13.0";
			developmentRegion = en;
			hasScannedForEncodings = 0;
			knownRegions = (
				en,
				Base,
			);
			mainGroup = F6FB1FD12778D5D9005BB6B6;
			packageReferences = (
				F60DAA1C299FC9DC00589B17 /* XCRemoteSwiftPackageReference "swift-dependencies" */,
			);
			productRefGroup = F6FB1FDF2778D5DD005BB6B6 /* Products */;
			projectDirPath = "";
			projectRoot = "";
			targets = (
				F6E72B5F2781F53E00A8FC45 /* CounterFact */,
				F61EBCD02786139400F098A8 /* CounterFactTests */,
			);
		};
/* End PBXProject section */

/* Begin PBXResourcesBuildPhase section */
		F61EBCCF2786139400F098A8 /* Resources */ = {
			isa = PBXResourcesBuildPhase;
			buildActionMask = 2147483647;
			files = (
			);
			runOnlyForDeploymentPostprocessing = 0;
		};
		F6E72B5E2781F53E00A8FC45 /* Resources */ = {
			isa = PBXResourcesBuildPhase;
			buildActionMask = 2147483647;
			files = (
			);
			runOnlyForDeploymentPostprocessing = 0;
		};
/* End PBXResourcesBuildPhase section */

/* Begin PBXSourcesBuildPhase section */
		F61EBCCD2786139400F098A8 /* Sources */ = {
			isa = PBXSourcesBuildPhase;
			buildActionMask = 2147483647;
			files = (
				F61EBCD42786139400F098A8 /* CounterFactTests.swift in Sources */,
			);
			runOnlyForDeploymentPostprocessing = 0;
		};
		F6E72B5C2781F53E00A8FC45 /* Sources */ = {
			isa = PBXSourcesBuildPhase;
			buildActionMask = 2147483647;
			files = (
				F6CB02FE2782300300C71DFF /* FactClient.swift in Sources */,
				F6E72B652781F53E00A8FC45 /* CounterView.swift in Sources */,
				F6E72B632781F53E00A8FC45 /* CounterFactApp.swift in Sources */,
			);
			runOnlyForDeploymentPostprocessing = 0;
		};
/* End PBXSourcesBuildPhase section */

/* Begin PBXTargetDependency section */
		F61EBCDB278615AE00F098A8 /* PBXTargetDependency */ = {
			isa = PBXTargetDependency;
			target = F6E72B5F2781F53E00A8FC45 /* CounterFact */;
			targetProxy = F61EBCDA278615AE00F098A8 /* PBXContainerItemProxy */;
		};
/* End PBXTargetDependency section */

/* Begin XCBuildConfiguration section */
		F61EBCD72786139400F098A8 /* Debug */ = {
			isa = XCBuildConfiguration;
			buildSettings = {
				BUNDLE_LOADER = "$(TEST_HOST)";
				"CODE_SIGN_IDENTITY[sdk=macosx*]" = "-";
				CODE_SIGN_STYLE = Manual;
				CURRENT_PROJECT_VERSION = 1;
				DEVELOPMENT_TEAM = "";
				GENERATE_INFOPLIST_FILE = YES;
				IPHONEOS_DEPLOYMENT_TARGET = 15.2;
				MARKETING_VERSION = 1.0;
				PRODUCT_BUNDLE_IDENTIFIER = swift.onestate.CounterFactTests;
				PRODUCT_NAME = "$(TARGET_NAME)";
				PROVISIONING_PROFILE_SPECIFIER = "";
				REGISTER_APP_GROUPS = NO;
				SDKROOT = iphoneos;
				SUPPORTED_PLATFORMS = "appletvos appletvsimulator iphoneos iphonesimulator macosx";
				SUPPORTS_MACCATALYST = NO;
				SUPPORTS_MAC_DESIGNED_FOR_IPHONE_IPAD = NO;
				SWIFT_EMIT_LOC_STRINGS = NO;
				TARGETED_DEVICE_FAMILY = "1,2,3";
				TEST_HOST = "$(BUILT_PRODUCTS_DIR)/CounterFact.app/$(BUNDLE_EXECUTABLE_FOLDER_PATH)/CounterFact";
			};
			name = Debug;
		};
		F61EBCD82786139400F098A8 /* Release */ = {
			isa = XCBuildConfiguration;
			buildSettings = {
				BUNDLE_LOADER = "$(TEST_HOST)";
				"CODE_SIGN_IDENTITY[sdk=macosx*]" = "-";
				CODE_SIGN_STYLE = Manual;
				CURRENT_PROJECT_VERSION = 1;
				DEVELOPMENT_TEAM = "";
				GENERATE_INFOPLIST_FILE = YES;
				IPHONEOS_DEPLOYMENT_TARGET = 15.2;
				MARKETING_VERSION = 1.0;
				PRODUCT_BUNDLE_IDENTIFIER = swift.onestate.CounterFactTests;
				PRODUCT_NAME = "$(TARGET_NAME)";
				PROVISIONING_PROFILE_SPECIFIER = "";
				REGISTER_APP_GROUPS = NO;
				SDKROOT = iphoneos;
				SUPPORTED_PLATFORMS = "appletvos appletvsimulator iphoneos iphonesimulator macosx";
				SUPPORTS_MACCATALYST = NO;
				SUPPORTS_MAC_DESIGNED_FOR_IPHONE_IPAD = NO;
				SWIFT_EMIT_LOC_STRINGS = NO;
				TARGETED_DEVICE_FAMILY = "1,2,3";
				TEST_HOST = "$(BUILT_PRODUCTS_DIR)/CounterFact.app/$(BUNDLE_EXECUTABLE_FOLDER_PATH)/CounterFact";
				VALIDATE_PRODUCT = YES;
			};
			name = Release;
		};
		F6E72B6B2781F54100A8FC45 /* Debug */ = {
			isa = XCBuildConfiguration;
			buildSettings = {
				ASSETCATALOG_COMPILER_APPICON_NAME = AppIcon;
				ASSETCATALOG_COMPILER_GLOBAL_ACCENT_COLOR_NAME = AccentColor;
				CODE_SIGN_IDENTITY = "Apple Development";
				"CODE_SIGN_IDENTITY[sdk=macosx*]" = "-";
				CODE_SIGN_STYLE = Manual;
				CURRENT_PROJECT_VERSION = 1;
				DEVELOPMENT_TEAM = "";
				ENABLE_PREVIEWS = YES;
				GENERATE_INFOPLIST_FILE = YES;
				INFOPLIST_FILE = CounterFact/Info.plist;
				INFOPLIST_KEY_UIApplicationSceneManifest_Generation = YES;
				INFOPLIST_KEY_UIApplicationSupportsIndirectInputEvents = YES;
				INFOPLIST_KEY_UILaunchScreen_Generation = YES;
				INFOPLIST_KEY_UISupportedInterfaceOrientations_iPad = "UIInterfaceOrientationPortrait UIInterfaceOrientationPortraitUpsideDown UIInterfaceOrientationLandscapeLeft UIInterfaceOrientationLandscapeRight";
				INFOPLIST_KEY_UISupportedInterfaceOrientations_iPhone = "UIInterfaceOrientationPortrait UIInterfaceOrientationLandscapeLeft UIInterfaceOrientationLandscapeRight";
				IPHONEOS_DEPLOYMENT_TARGET = 15.2;
				LD_RUNPATH_SEARCH_PATHS = (
					"$(inherited)",
					"@executable_path/Frameworks",
				);
				MARKETING_VERSION = 1.0;
				PRODUCT_BUNDLE_IDENTIFIER = swift.model.CounterFact;
				PRODUCT_NAME = "$(TARGET_NAME)";
				PROVISIONING_PROFILE_SPECIFIER = "";
				SDKROOT = iphoneos;
				SUPPORTED_PLATFORMS = "appletvos appletvsimulator iphoneos iphonesimulator macosx";
				SUPPORTS_MACCATALYST = NO;
				SUPPORTS_MAC_DESIGNED_FOR_IPHONE_IPAD = NO;
				SWIFT_EMIT_LOC_STRINGS = YES;
				TARGETED_DEVICE_FAMILY = "1,2,3";
			};
			name = Debug;
		};
		F6E72B6C2781F54100A8FC45 /* Release */ = {
			isa = XCBuildConfiguration;
			buildSettings = {
				ASSETCATALOG_COMPILER_APPICON_NAME = AppIcon;
				ASSETCATALOG_COMPILER_GLOBAL_ACCENT_COLOR_NAME = AccentColor;
				CODE_SIGN_IDENTITY = "Apple Development";
				"CODE_SIGN_IDENTITY[sdk=macosx*]" = "-";
				CODE_SIGN_STYLE = Manual;
				CURRENT_PROJECT_VERSION = 1;
				DEVELOPMENT_TEAM = "";
				ENABLE_PREVIEWS = YES;
				GENERATE_INFOPLIST_FILE = YES;
				INFOPLIST_FILE = CounterFact/Info.plist;
				INFOPLIST_KEY_UIApplicationSceneManifest_Generation = YES;
				INFOPLIST_KEY_UIApplicationSupportsIndirectInputEvents = YES;
				INFOPLIST_KEY_UILaunchScreen_Generation = YES;
				INFOPLIST_KEY_UISupportedInterfaceOrientations_iPad = "UIInterfaceOrientationPortrait UIInterfaceOrientationPortraitUpsideDown UIInterfaceOrientationLandscapeLeft UIInterfaceOrientationLandscapeRight";
				INFOPLIST_KEY_UISupportedInterfaceOrientations_iPhone = "UIInterfaceOrientationPortrait UIInterfaceOrientationLandscapeLeft UIInterfaceOrientationLandscapeRight";
				IPHONEOS_DEPLOYMENT_TARGET = 15.2;
				LD_RUNPATH_SEARCH_PATHS = (
					"$(inherited)",
					"@executable_path/Frameworks",
				);
				MARKETING_VERSION = 1.0;
				PRODUCT_BUNDLE_IDENTIFIER = swift.model.CounterFact;
				PRODUCT_NAME = "$(TARGET_NAME)";
				PROVISIONING_PROFILE_SPECIFIER = "";
				SDKROOT = iphoneos;
				SUPPORTED_PLATFORMS = "appletvos appletvsimulator iphoneos iphonesimulator macosx";
				SUPPORTS_MACCATALYST = NO;
				SUPPORTS_MAC_DESIGNED_FOR_IPHONE_IPAD = NO;
				SWIFT_EMIT_LOC_STRINGS = YES;
				TARGETED_DEVICE_FAMILY = "1,2,3";
				VALIDATE_PRODUCT = YES;
			};
			name = Release;
		};
		F6FB1FED2778D5DD005BB6B6 /* Debug */ = {
			isa = XCBuildConfiguration;
			buildSettings = {
				ALWAYS_SEARCH_USER_PATHS = NO;
				CLANG_ANALYZER_NONNULL = YES;
				CLANG_ANALYZER_NUMBER_OBJECT_CONVERSION = YES_AGGRESSIVE;
				CLANG_CXX_LANGUAGE_STANDARD = "gnu++17";
				CLANG_CXX_LIBRARY = "libc++";
				CLANG_ENABLE_MODULES = YES;
				CLANG_ENABLE_OBJC_ARC = YES;
				CLANG_ENABLE_OBJC_WEAK = YES;
				CLANG_WARN_BLOCK_CAPTURE_AUTORELEASING = YES;
				CLANG_WARN_BOOL_CONVERSION = YES;
				CLANG_WARN_COMMA = YES;
				CLANG_WARN_CONSTANT_CONVERSION = YES;
				CLANG_WARN_DEPRECATED_OBJC_IMPLEMENTATIONS = YES;
				CLANG_WARN_DIRECT_OBJC_ISA_USAGE = YES_ERROR;
				CLANG_WARN_DOCUMENTATION_COMMENTS = YES;
				CLANG_WARN_EMPTY_BODY = YES;
				CLANG_WARN_ENUM_CONVERSION = YES;
				CLANG_WARN_INFINITE_RECURSION = YES;
				CLANG_WARN_INT_CONVERSION = YES;
				CLANG_WARN_NON_LITERAL_NULL_CONVERSION = YES;
				CLANG_WARN_OBJC_IMPLICIT_RETAIN_SELF = YES;
				CLANG_WARN_OBJC_LITERAL_CONVERSION = YES;
				CLANG_WARN_OBJC_ROOT_CLASS = YES_ERROR;
				CLANG_WARN_QUOTED_INCLUDE_IN_FRAMEWORK_HEADER = YES;
				CLANG_WARN_RANGE_LOOP_ANALYSIS = YES;
				CLANG_WARN_STRICT_PROTOTYPES = YES;
				CLANG_WARN_SUSPICIOUS_MOVE = YES;
				CLANG_WARN_UNGUARDED_AVAILABILITY = YES_AGGRESSIVE;
				CLANG_WARN_UNREACHABLE_CODE = YES;
				CLANG_WARN__DUPLICATE_METHOD_MATCH = YES;
				COPY_PHASE_STRIP = NO;
				DEAD_CODE_STRIPPING = YES;
				DEBUG_INFORMATION_FORMAT = dwarf;
				ENABLE_STRICT_OBJC_MSGSEND = YES;
				ENABLE_TESTABILITY = YES;
				ENABLE_USER_SCRIPT_SANDBOXING = YES;
				GCC_C_LANGUAGE_STANDARD = gnu11;
				GCC_DYNAMIC_NO_PIC = NO;
				GCC_NO_COMMON_BLOCKS = YES;
				GCC_OPTIMIZATION_LEVEL = 0;
				GCC_PREPROCESSOR_DEFINITIONS = (
					"DEBUG=1",
					"$(inherited)",
				);
				GCC_WARN_64_TO_32_BIT_CONVERSION = YES;
				GCC_WARN_ABOUT_RETURN_TYPE = YES_ERROR;
				GCC_WARN_UNDECLARED_SELECTOR = YES;
				GCC_WARN_UNINITIALIZED_AUTOS = YES_AGGRESSIVE;
				GCC_WARN_UNUSED_FUNCTION = YES;
				GCC_WARN_UNUSED_VARIABLE = YES;
				IPHONEOS_DEPLOYMENT_TARGET = 14.0;
				MACOSX_DEPLOYMENT_TARGET = 12.0;
				MTL_ENABLE_DEBUG_INFO = INCLUDE_SOURCE;
				MTL_FAST_MATH = YES;
				ONLY_ACTIVE_ARCH = YES;
				SWIFT_ACTIVE_COMPILATION_CONDITIONS = DEBUG;
				SWIFT_OPTIMIZATION_LEVEL = "-Onone";
				SWIFT_VERSION = 6.0;
			};
			name = Debug;
		};
		F6FB1FEE2778D5DD005BB6B6 /* Release */ = {
			isa = XCBuildConfiguration;
			buildSettings = {
				ALWAYS_SEARCH_USER_PATHS = NO;
				CLANG_ANALYZER_NONNULL = YES;
				CLANG_ANALYZER_NUMBER_OBJECT_CONVERSION = YES_AGGRESSIVE;
				CLANG_CXX_LANGUAGE_STANDARD = "gnu++17";
				CLANG_CXX_LIBRARY = "libc++";
				CLANG_ENABLE_MODULES = YES;
				CLANG_ENABLE_OBJC_ARC = YES;
				CLANG_ENABLE_OBJC_WEAK = YES;
				CLANG_WARN_BLOCK_CAPTURE_AUTORELEASING = YES;
				CLANG_WARN_BOOL_CONVERSION = YES;
				CLANG_WARN_COMMA = YES;
				CLANG_WARN_CONSTANT_CONVERSION = YES;
				CLANG_WARN_DEPRECATED_OBJC_IMPLEMENTATIONS = YES;
				CLANG_WARN_DIRECT_OBJC_ISA_USAGE = YES_ERROR;
				CLANG_WARN_DOCUMENTATION_COMMENTS = YES;
				CLANG_WARN_EMPTY_BODY = YES;
				CLANG_WARN_ENUM_CONVERSION = YES;
				CLANG_WARN_INFINITE_RECURSION = YES;
				CLANG_WARN_INT_CONVERSION = YES;
				CLANG_WARN_NON_LITERAL_NULL_CONVERSION = YES;
				CLANG_WARN_OBJC_IMPLICIT_RETAIN_SELF = YES;
				CLANG_WARN_OBJC_LITERAL_CONVERSION = YES;
				CLANG_WARN_OBJC_ROOT_CLASS = YES_ERROR;
				CLANG_WARN_QUOTED_INCLUDE_IN_FRAMEWORK_HEADER = YES;
				CLANG_WARN_RANGE_LOOP_ANALYSIS = YES;
				CLANG_WARN_STRICT_PROTOTYPES = YES;
				CLANG_WARN_SUSPICIOUS_MOVE = YES;
				CLANG_WARN_UNGUARDED_AVAILABILITY = YES_AGGRESSIVE;
				CLANG_WARN_UNREACHABLE_CODE = YES;
				CLANG_WARN__DUPLICATE_METHOD_MATCH = YES;
				COPY_PHASE_STRIP = NO;
				DEAD_CODE_STRIPPING = YES;
				DEBUG_INFORMATION_FORMAT = "dwarf-with-dsym";
				ENABLE_NS_ASSERTIONS = NO;
				ENABLE_STRICT_OBJC_MSGSEND = YES;
				ENABLE_USER_SCRIPT_SANDBOXING = YES;
				GCC_C_LANGUAGE_STANDARD = gnu11;
				GCC_NO_COMMON_BLOCKS = YES;
				GCC_WARN_64_TO_32_BIT_CONVERSION = YES;
				GCC_WARN_ABOUT_RETURN_TYPE = YES_ERROR;
				GCC_WARN_UNDECLARED_SELECTOR = YES;
				GCC_WARN_UNINITIALIZED_AUTOS = YES_AGGRESSIVE;
				GCC_WARN_UNUSED_FUNCTION = YES;
				GCC_WARN_UNUSED_VARIABLE = YES;
				IPHONEOS_DEPLOYMENT_TARGET = 14.0;
				MACOSX_DEPLOYMENT_TARGET = 12.0;
				MTL_ENABLE_DEBUG_INFO = NO;
				MTL_FAST_MATH = YES;
				SWIFT_COMPILATION_MODE = wholemodule;
				SWIFT_OPTIMIZATION_LEVEL = "-O";
				SWIFT_VERSION = 6.0;
			};
			name = Release;
		};
/* End XCBuildConfiguration section */

/* Begin XCConfigurationList section */
		F61EBCD92786139400F098A8 /* Build configuration list for PBXNativeTarget "CounterFactTests" */ = {
			isa = XCConfigurationList;
			buildConfigurations = (
				F61EBCD72786139400F098A8 /* Debug */,
				F61EBCD82786139400F098A8 /* Release */,
			);
			defaultConfigurationIsVisible = 0;
			defaultConfigurationName = Release;
		};
		F6E72B6D2781F54100A8FC45 /* Build configuration list for PBXNativeTarget "CounterFact" */ = {
			isa = XCConfigurationList;
			buildConfigurations = (
				F6E72B6B2781F54100A8FC45 /* Debug */,
				F6E72B6C2781F54100A8FC45 /* Release */,
			);
			defaultConfigurationIsVisible = 0;
			defaultConfigurationName = Release;
		};
		F6FB1FD52778D5D9005BB6B6 /* Build configuration list for PBXProject "CounterFact" */ = {
			isa = XCConfigurationList;
			buildConfigurations = (
				F6FB1FED2778D5DD005BB6B6 /* Debug */,
				F6FB1FEE2778D5DD005BB6B6 /* Release */,
			);
			defaultConfigurationIsVisible = 0;
			defaultConfigurationName = Release;
		};
/* End XCConfigurationList section */

/* Begin XCRemoteSwiftPackageReference section */
		F60DAA1C299FC9DC00589B17 /* XCRemoteSwiftPackageReference "swift-dependencies" */ = {
			isa = XCRemoteSwiftPackageReference;
			repositoryURL = "https://github.com/pointfreeco/swift-dependencies";
			requirement = {
				kind = upToNextMajorVersion;
				minimumVersion = 1.0.0;
			};
		};
/* End XCRemoteSwiftPackageReference section */

/* Begin XCSwiftPackageProductDependency section */
		F60DAA1D299FC9DC00589B17 /* Dependencies */ = {
			isa = XCSwiftPackageProductDependency;
			package = F60DAA1C299FC9DC00589B17 /* XCRemoteSwiftPackageReference "swift-dependencies" */;
			productName = Dependencies;
		};
		F6F3F1722B48483B003A9305 /* SwiftModel */ = {
			isa = XCSwiftPackageProductDependency;
			productName = SwiftModel;
		};
/* End XCSwiftPackageProductDependency section */
	};
	rootObject = F6FB1FD22778D5D9005BB6B6 /* Project object */;
}
